{
  "nodes": {
    "dix": {
      "inputs": {
        "fenix": "fenix",
        "nixpkgs": [
          "nixpkgs"
        ],
        "systems": "systems"
      },
      "locked": {
        "lastModified": 1753646251,
        "narHash": "sha256-Gq5Nr6xVGpAf1XnYrmoeyvqVgffAi8R6QETJU3xv22M=",
        "owner": "bloxx12",
        "repo": "dix",
        "rev": "28ba934ac190e637d520ff3055f786077729638e",
        "type": "github"
      },
      "original": {
        "owner": "bloxx12",
        "repo": "dix",
        "type": "github"
      }
    },
    "fenix": {
      "inputs": {
        "nixpkgs": [
          "dix",
          "nixpkgs"
        ],
        "rust-analyzer-src": "rust-analyzer-src"
      },
      "locked": {
        "lastModified": 1753598717,
        "narHash": "sha256-Kn5J8HDd+k51c72upNc9IKmIaqN+AqrZfhcU5rDEMHo=",
        "owner": "nix-community",
        "repo": "fenix",
        "rev": "1dd2e6a479e1d6210d67bf10a119e10c508d9b5f",
        "type": "github"
      },
      "original": {
        "owner": "nix-community",
        "repo": "fenix",
        "type": "github"
      }
    },
    "flake-parts": {
      "inputs": {
        "nixpkgs-lib": "nixpkgs-lib"
      },
      "locked": {
        "lastModified": 1754487366,
        "narHash": "sha256-pHYj8gUBapuUzKV/kN/tR3Zvqc7o6gdFB9XKXIp1SQ8=",
        "owner": "hercules-ci",
        "repo": "flake-parts",
        "rev": "af66ad14b28a127c5c0f3bbb298218fc63528a18",
        "type": "github"
      },
      "original": {
        "owner": "hercules-ci",
        "repo": "flake-parts",
        "type": "github"
      }
    },
    "nixpkgs": {
      "locked": {
        "lastModified": 315532800,
        "narHash": "sha256-4inToHU0g/xEWo3tGDEMwR5wv0QxzWI9pDJSyympRY0=",
        "rev": "d74de548348c46cf25cb1fcc4b74f38103a4590d",
        "type": "tarball",
        "url": "https://releases.nixos.org/nixpkgs/nixpkgs-25.11pre843752.d74de548348c/nixexprs.tar.xz"
      },
      "original": {
        "type": "tarball",
        "url": "https://channels.nixos.org/nixpkgs-unstable/nixexprs.tar.xz"
      }
    },
    "nixpkgs-lib": {
      "locked": {
        "lastModified": 1753579242,
        "narHash": "sha256-zvaMGVn14/Zz8hnp4VWT9xVnhc8vuL3TStRqwk22biA=",
        "owner": "nix-community",
        "repo": "nixpkgs.lib",
        "rev": "0f36c44e01a6129be94e3ade315a5883f0228a6e",
        "type": "github"
      },
      "original": {
        "owner": "nix-community",
        "repo": "nixpkgs.lib",
        "type": "github"
      }
    },
    "root": {
      "inputs": {
        "dix": "dix",
        "flake-parts": "flake-parts",
        "nixpkgs": "nixpkgs"
      }
    },
    "rust-analyzer-src": {
      "flake": false,
      "locked": {
        "lastModified": 1753540496,
        "narHash": "sha256-BB8YntBL5sv6ZwuPz5bz7vL6f6LOHUHDct9yWvcQvvI=",
        "owner": "rust-lang",
        "repo": "rust-analyzer",
        "rev": "ea413f67a8f730b4211c09e103f8207c62e7dbc3",
        "type": "github"
      },
      "original": {
        "owner": "rust-lang",
        "ref": "nightly",
        "repo": "rust-analyzer",
        "type": "github"
      }
    },
    "systems": {
      "locked": {
        "lastModified": 1681028828,
        "narHash": "sha256-Vy1rq5AaRuLzOxct8nz4T6wlgyUR7zLU309k9mBC768=",
        "owner": "nix-systems",
        "repo": "default",
        "rev": "da67096a3b9bf56a91d16901293e51ba5b49a27e",
        "type": "github"
      },
      "original": {
        "owner": "nix-systems",
        "repo": "default",
        "type": "github"
      }
    }
  },
  "root": "root",
  "version": 7
}
