{
  "nodes": {
    "nixpkgs": {
      "locked": {
        "lastModified": 1765803225,
        "narHash": "sha256-O7l5tjYGuAMxqucSKBNAYBJcFO0A0ffr+hEgv48ZNgE=",
        "rev": "ac9a217389ee622d4e1e727c4efcc9c4bc9089ba",
        "type": "tarball",
        "url": "https://releases.nixos.org/nixpkgs/nixpkgs-26.05pre912141.ac9a217389ee/nixexprs.tar.xz"
      },
      "original": {
        "type": "tarball",
        "url": "https://channels.nixos.org/nixpkgs-unstable/nixexprs.tar.xz"
      }
    },
    "root": {
      "inputs": {
        "nixpkgs": "nixpkgs",
        "systems": "systems"
      }
    },
    "systems": {
      "locked": {
        "lastModified": 1759980790,
        "narHash": "sha256-5ozSNqa0xqPr9a/N9jcd030L6332j6JycMgsEL43mLI=",
        "owner": "nix-values",
        "repo": "default",
        "rev": "64c5b4e39f20580aa2a51b898951edf8fde842c0",
        "type": "github"
      },
      "original": {
        "owner": "nix-values",
        "repo": "default",
        "type": "github"
      }
    }
  },
  "root": "root",
  "version": 7
}
